
Microsoft Visual Studio Solution File, Format Version 12.00
Project("{FAE04EC0-301F-11D3-BF4B-00C04F79EFBC}") = "IIAuctionHouse.WebApi", "IIAuctionHouse.WebApi\IIAuctionHouse.WebApi.csproj", "{D6157ADB-3A90-453E-8C67-2EA33180C57C}"
EndProject
Project("{2150E333-8FDC-42A3-9474-1A3956D46DE8}") = "Core", "Core", "{EBAC851E-A3DD-477D-AD1C-3DDA60866419}"
EndProject
Project("{2150E333-8FDC-42A3-9474-1A3956D46DE8}") = "Infrastructure", "Infrastructure", "{11BADE63-BA39-44A4-A942-2D427EE00F68}"
EndProject
Project("{2150E333-8FDC-42A3-9474-1A3956D46DE8}") = "UI", "UI", "{72466DE2-AC28-4FF2-A373-7799BAD80BA9}"
EndProject
Project("{FAE04EC0-301F-11D3-BF4B-00C04F79EFBC}") = "IIAuctionHouse.Core", "IIAuctionHouse.Core\IIAuctionHouse.Core.csproj", "{B6F3907C-4D22-4D28-A3D8-252B05450ACB}"
EndProject
Project("{FAE04EC0-301F-11D3-BF4B-00C04F79EFBC}") = "IIAuctionHouse.Domain", "IIAuctionHouse.Domain\IIAuctionHouse.Domain.csproj", "{39576C1B-3567-4C2B-BDCA-3B86AC606F33}"
EndProject
Project("{FAE04EC0-301F-11D3-BF4B-00C04F79EFBC}") = "IIAuctionHouse.DataAccess", "IIAuctionHouse.DataAccess\IIAuctionHouse.DataAccess.csproj", "{26FCC836-D64C-40D0-93D0-4C786AD02E7F}"
EndProject
Project("{FAE04EC0-301F-11D3-BF4B-00C04F79EFBC}") = "IIAuctionHouse.Security", "IIAuctionHouse.Security\IIAuctionHouse.Security.csproj", "{67D170FC-75A9-4887-A2D6-DFBD8D7CF1BE}"
EndProject
Project("{2150E333-8FDC-42A3-9474-1A3956D46DE8}") = "Core.Test", "Core.Test", "{72071355-3ED3-43C8-8F31-829942977F48}"
EndProject
Project("{2150E333-8FDC-42A3-9474-1A3956D46DE8}") = "Infrastructure.Test", "Infrastructure.Test", "{30F8ABA4-DD91-4F3E-98A8-244297BEA5A2}"
EndProject
Project("{2150E333-8FDC-42A3-9474-1A3956D46DE8}") = "UI.Test", "UI.Test", "{6EE12EE5-AA48-47F9-8DB7-BBBFDF7C6310}"
EndProject
Project("{FAE04EC0-301F-11D3-BF4B-00C04F79EFBC}") = "IIAuctionHouse.Core.Test", "IIAuctionHouse.Core.Test\IIAuctionHouse.Core.Test.csproj", "{29526DCB-BD52-4035-8888-3DFA9FC920FC}"
EndProject
Project("{FAE04EC0-301F-11D3-BF4B-00C04F79EFBC}") = "IIAuctionHouse.Domain.Test", "IIAuctionHouse.Domain.Test\IIAuctionHouse.Domain.Test.csproj", "{088D661B-F835-4AAE-8D3E-AAF9F94EAEB2}"
EndProject
Project("{FAE04EC0-301F-11D3-BF4B-00C04F79EFBC}") = "IIAuctionHouse.DataAccess.Test", "IIAuctionHouse.DataAccess.Test\IIAuctionHouse.DataAccess.Test.csproj", "{6374EA7C-C210-4F7C-ADC1-B7BB4F61C5C8}"
EndProject
Project("{FAE04EC0-301F-11D3-BF4B-00C04F79EFBC}") = "IIAuctionHouse.Security.Test", "IIAuctionHouse.Security.Test\IIAuctionHouse.Security.Test.csproj", "{113D0270-B8E8-414A-9B04-2651475732BD}"
EndProject
Project("{FAE04EC0-301F-11D3-BF4B-00C04F79EFBC}") = "IIAuctionHouse.WebApi.Test", "IIAuctionHouse.WebApi.Test\IIAuctionHouse.WebApi.Test.csproj", "{BF72EBC1-8242-49B3-A7F0-E1DB5E1D709C}"
EndProject
Global
	GlobalSection(SolutionConfigurationPlatforms) = preSolution
		Debug|Any CPU = Debug|Any CPU
		Release|Any CPU = Release|Any CPU
	EndGlobalSection
	GlobalSection(ProjectConfigurationPlatforms) = postSolution
		{D6157ADB-3A90-453E-8C67-2EA33180C57C}.Debug|Any CPU.ActiveCfg = Debug|Any CPU
		{D6157ADB-3A90-453E-8C67-2EA33180C57C}.Debug|Any CPU.Build.0 = Debug|Any CPU
		{D6157ADB-3A90-453E-8C67-2EA33180C57C}.Release|Any CPU.ActiveCfg = Release|Any CPU
		{D6157ADB-3A90-453E-8C67-2EA33180C57C}.Release|Any CPU.Build.0 = Release|Any CPU
		{B6F3907C-4D22-4D28-A3D8-252B05450ACB}.Debug|Any CPU.ActiveCfg = Debug|Any CPU
		{B6F3907C-4D22-4D28-A3D8-252B05450ACB}.Debug|Any CPU.Build.0 = Debug|Any CPU
		{B6F3907C-4D22-4D28-A3D8-252B05450ACB}.Release|Any CPU.ActiveCfg = Release|Any CPU
		{B6F3907C-4D22-4D28-A3D8-252B05450ACB}.Release|Any CPU.Build.0 = Release|Any CPU
		{39576C1B-3567-4C2B-BDCA-3B86AC606F33}.Debug|Any CPU.ActiveCfg = Debug|Any CPU
		{39576C1B-3567-4C2B-BDCA-3B86AC606F33}.Debug|Any CPU.Build.0 = Debug|Any CPU
		{39576C1B-3567-4C2B-BDCA-3B86AC606F33}.Release|Any CPU.ActiveCfg = Release|Any CPU
		{39576C1B-3567-4C2B-BDCA-3B86AC606F33}.Release|Any CPU.Build.0 = Release|Any CPU
		{26FCC836-D64C-40D0-93D0-4C786AD02E7F}.Debug|Any CPU.ActiveCfg = Debug|Any CPU
		{26FCC836-D64C-40D0-93D0-4C786AD02E7F}.Debug|Any CPU.Build.0 = Debug|Any CPU
		{26FCC836-D64C-40D0-93D0-4C786AD02E7F}.Release|Any CPU.ActiveCfg = Release|Any CPU
		{26FCC836-D64C-40D0-93D0-4C786AD02E7F}.Release|Any CPU.Build.0 = Release|Any CPU
		{67D170FC-75A9-4887-A2D6-DFBD8D7CF1BE}.Debug|Any CPU.ActiveCfg = Debug|Any CPU
		{67D170FC-75A9-4887-A2D6-DFBD8D7CF1BE}.Debug|Any CPU.Build.0 = Debug|Any CPU
		{67D170FC-75A9-4887-A2D6-DFBD8D7CF1BE}.Release|Any CPU.ActiveCfg = Release|Any CPU
		{67D170FC-75A9-4887-A2D6-DFBD8D7CF1BE}.Release|Any CPU.Build.0 = Release|Any CPU
		{29526DCB-BD52-4035-8888-3DFA9FC920FC}.Debug|Any CPU.ActiveCfg = Debug|Any CPU
		{29526DCB-BD52-4035-8888-3DFA9FC920FC}.Debug|Any CPU.Build.0 = Debug|Any CPU
		{29526DCB-BD52-4035-8888-3DFA9FC920FC}.Release|Any CPU.ActiveCfg = Release|Any CPU
		{29526DCB-BD52-4035-8888-3DFA9FC920FC}.Release|Any CPU.Build.0 = Release|Any CPU
		{088D661B-F835-4AAE-8D3E-AAF9F94EAEB2}.Debug|Any CPU.ActiveCfg = Debug|Any CPU
		{088D661B-F835-4AAE-8D3E-AAF9F94EAEB2}.Debug|Any CPU.Build.0 = Debug|Any CPU
		{088D661B-F835-4AAE-8D3E-AAF9F94EAEB2}.Release|Any CPU.ActiveCfg = Release|Any CPU
		{088D661B-F835-4AAE-8D3E-AAF9F94EAEB2}.Release|Any CPU.Build.0 = Release|Any CPU
		{6374EA7C-C210-4F7C-ADC1-B7BB4F61C5C8}.Debug|Any CPU.ActiveCfg = Debug|Any CPU
		{6374EA7C-C210-4F7C-ADC1-B7BB4F61C5C8}.Debug|Any CPU.Build.0 = Debug|Any CPU
		{6374EA7C-C210-4F7C-ADC1-B7BB4F61C5C8}.Release|Any CPU.ActiveCfg = Release|Any CPU
		{6374EA7C-C210-4F7C-ADC1-B7BB4F61C5C8}.Release|Any CPU.Build.0 = Release|Any CPU
		{113D0270-B8E8-414A-9B04-2651475732BD}.Debug|Any CPU.ActiveCfg = Debug|Any CPU
		{113D0270-B8E8-414A-9B04-2651475732BD}.Debug|Any CPU.Build.0 = Debug|Any CPU
		{113D0270-B8E8-414A-9B04-2651475732BD}.Release|Any CPU.ActiveCfg = Release|Any CPU
		{113D0270-B8E8-414A-9B04-2651475732BD}.Release|Any CPU.Build.0 = Release|Any CPU
		{BF72EBC1-8242-49B3-A7F0-E1DB5E1D709C}.Debug|Any CPU.ActiveCfg = Debug|Any CPU
		{BF72EBC1-8242-49B3-A7F0-E1DB5E1D709C}.Debug|Any CPU.Build.0 = Debug|Any CPU
		{BF72EBC1-8242-49B3-A7F0-E1DB5E1D709C}.Release|Any CPU.ActiveCfg = Release|Any CPU
		{BF72EBC1-8242-49B3-A7F0-E1DB5E1D709C}.Release|Any CPU.Build.0 = Release|Any CPU
	EndGlobalSection
	GlobalSection(NestedProjects) = preSolution
		{D6157ADB-3A90-453E-8C67-2EA33180C57C} = {72466DE2-AC28-4FF2-A373-7799BAD80BA9}
		{B6F3907C-4D22-4D28-A3D8-252B05450ACB} = {EBAC851E-A3DD-477D-AD1C-3DDA60866419}
		{39576C1B-3567-4C2B-BDCA-3B86AC606F33} = {EBAC851E-A3DD-477D-AD1C-3DDA60866419}
		{26FCC836-D64C-40D0-93D0-4C786AD02E7F} = {11BADE63-BA39-44A4-A942-2D427EE00F68}
		{67D170FC-75A9-4887-A2D6-DFBD8D7CF1BE} = {11BADE63-BA39-44A4-A942-2D427EE00F68}
		{29526DCB-BD52-4035-8888-3DFA9FC920FC} = {72071355-3ED3-43C8-8F31-829942977F48}
		{088D661B-F835-4AAE-8D3E-AAF9F94EAEB2} = {72071355-3ED3-43C8-8F31-829942977F48}
		{6374EA7C-C210-4F7C-ADC1-B7BB4F61C5C8} = {30F8ABA4-DD91-4F3E-98A8-244297BEA5A2}
		{113D0270-B8E8-414A-9B04-2651475732BD} = {30F8ABA4-DD91-4F3E-98A8-244297BEA5A2}
		{BF72EBC1-8242-49B3-A7F0-E1DB5E1D709C} = {6EE12EE5-AA48-47F9-8DB7-BBBFDF7C6310}
	EndGlobalSection
EndGlobal
